// !$*UTF8*$!
{
	archiveVersion = 1;
	classes = {
	};
	objectVersion = 46;
	objects = {

/* Begin PBXBuildFile section */
		240E76021D7E003600B72F7F /* AppDelegate.swift in Sources */ = {isa = PBXBuildFile; fileRef = 240E76011D7E003600B72F7F /* AppDelegate.swift */; };
		240E76041D7E003600B72F7F /* ViewController.swift in Sources */ = {isa = PBXBuildFile; fileRef = 240E76031D7E003600B72F7F /* ViewController.swift */; };
		240E76071D7E003600B72F7F /* Main.storyboard in Resources */ = {isa = PBXBuildFile; fileRef = 240E76051D7E003600B72F7F /* Main.storyboard */; };
		240E76091D7E003600B72F7F /* Assets.xcassets in Resources */ = {isa = PBXBuildFile; fileRef = 240E76081D7E003600B72F7F /* Assets.xcassets */; };
		240E760C1D7E003600B72F7F /* LaunchScreen.storyboard in Resources */ = {isa = PBXBuildFile; fileRef = 240E760A1D7E003600B72F7F /* LaunchScreen.storyboard */; };
		240E76171D7E003700B72F7F /* simple_browserTests.swift in Sources */ = {isa = PBXBuildFile; fileRef = 240E76161D7E003700B72F7F /* simple_browserTests.swift */; };
		240E76221D7E003700B72F7F /* simple_browserUITests.swift in Sources */ = {isa = PBXBuildFile; fileRef = 240E76211D7E003700B72F7F /* simple_browserUITests.swift */; };
		240E76311D7E18A900B72F7F /* launch.png in Resources */ = {isa = PBXBuildFile; fileRef = 240E762F1D7E18A900B72F7F /* launch.png */; };
		240E76321D7E18A900B72F7F /* launch@2x.png in Resources */ = {isa = PBXBuildFile; fileRef = 240E76301D7E18A900B72F7F /* launch@2x.png */; };
/* End PBXBuildFile section */

/* Begin PBXContainerItemProxy section */
		240E76131D7E003700B72F7F /* PBXContainerItemProxy */ = {
			isa = PBXContainerItemProxy;
			containerPortal = 240E75F61D7E003600B72F7F /* Project object */;
			proxyType = 1;
			remoteGlobalIDString = 240E75FD1D7E003600B72F7F;
			remoteInfo = "simple browser";
		};
		240E761E1D7E003700B72F7F /* PBXContainerItemProxy */ = {
			isa = PBXContainerItemProxy;
			containerPortal = 240E75F61D7E003600B72F7F /* Project object */;
			proxyType = 1;
			remoteGlobalIDString = 240E75FD1D7E003600B72F7F;
			remoteInfo = "simple browser";
		};
/* End PBXContainerItemProxy section */

/* Begin PBXFileReference section */
		240E75FE1D7E003600B72F7F /* simple browser.app */ = {isa = PBXFileReference; explicitFileType = wrapper.application; includeInIndex = 0; path = "simple browser.app"; sourceTree = BUILT_PRODUCTS_DIR; };
		240E76011D7E003600B72F7F /* AppDelegate.swift */ = {isa = PBXFileReference; lastKnownFileType = sourcecode.swift; path = AppDelegate.swift; sourceTree = "<group>"; };
		240E76031D7E003600B72F7F /* ViewController.swift */ = {isa = PBXFileReference; lastKnownFileType = sourcecode.swift; path = ViewController.swift; sourceTree = "<group>"; };
		240E76061D7E003600B72F7F /* Base */ = {isa = PBXFileReference; lastKnownFileType = file.storyboard; name = Base; path = Base.lproj/Main.storyboard; sourceTree = "<group>"; };
		240E76081D7E003600B72F7F /* Assets.xcassets */ = {isa = PBXFileReference; lastKnownFileType = folder.assetcatalog; path = Assets.xcassets; sourceTree = "<group>"; };
		240E760B1D7E003600B72F7F /* Base */ = {isa = PBXFileReference; lastKnownFileType = file.storyboard; name = Base; path = Base.lproj/LaunchScreen.storyboard; sourceTree = "<group>"; };
		240E760D1D7E003600B72F7F /* Info.plist */ = {isa = PBXFileReference; lastKnownFileType = text.plist.xml; path = Info.plist; sourceTree = "<group>"; };
		240E76121D7E003700B72F7F /* simple browserTests.xctest */ = {isa = PBXFileReference; explicitFileType = wrapper.cfbundle; includeInIndex = 0; path = "simple browserTests.xctest"; sourceTree = BUILT_PRODUCTS_DIR; };
		240E76161D7E003700B72F7F /* simple_browserTests.swift */ = {isa = PBXFileReference; lastKnownFileType = sourcecode.swift; path = simple_browserTests.swift; sourceTree = "<group>"; };
		240E76181D7E003700B72F7F /* Info.plist */ = {isa = PBXFileReference; lastKnownFileType = text.plist.xml; path = Info.plist; sourceTree = "<group>"; };
		240E761D1D7E003700B72F7F /* simple browserUITests.xctest */ = {isa = PBXFileReference; explicitFileType = wrapper.cfbundle; includeInIndex = 0; path = "simple browserUITests.xctest"; sourceTree = BUILT_PRODUCTS_DIR; };
		240E76211D7E003700B72F7F /* simple_browserUITests.swift */ = {isa = PBXFileReference; lastKnownFileType = sourcecode.swift; path = simple_browserUITests.swift; sourceTree = "<group>"; };
		240E76231D7E003700B72F7F /* Info.plist */ = {isa = PBXFileReference; lastKnownFileType = text.plist.xml; path = Info.plist; sourceTree = "<group>"; };
		240E762F1D7E18A900B72F7F /* launch.png */ = {isa = PBXFileReference; lastKnownFileType = image.png; path = launch.png; sourceTree = "<group>"; };
		240E76301D7E18A900B72F7F /* launch@2x.png */ = {isa = PBXFileReference; lastKnownFileType = image.png; path = "launch@2x.png"; sourceTree = "<group>"; };
/* End PBXFileReference section */

/* Begin PBXFrameworksBuildPhase section */
		240E75FB1D7E003600B72F7F /* Frameworks */ = {
			isa = PBXFrameworksBuildPhase;
			buildActionMask = 2147483647;
			files = (
			);
			runOnlyForDeploymentPostprocessing = 0;
		};
		240E760F1D7E003700B72F7F /* Frameworks */ = {
			isa = PBXFrameworksBuildPhase;
			buildActionMask = 2147483647;
			files = (
			);
			runOnlyForDeploymentPostprocessing = 0;
		};
		240E761A1D7E003700B72F7F /* Frameworks */ = {
			isa = PBXFrameworksBuildPhase;
			buildActionMask = 2147483647;
			files = (
			);
			runOnlyForDeploymentPostprocessing = 0;
		};
/* End PBXFrameworksBuildPhase section */

/* Begin PBXGroup section */
		240E75F51D7E003600B72F7F = {
			isa = PBXGroup;
			children = (
				240E76001D7E003600B72F7F /* simple browser */,
				240E76151D7E003700B72F7F /* simple browserTests */,
				240E76201D7E003700B72F7F /* simple browserUITests */,
				240E75FF1D7E003600B72F7F /* Products */,
			);
			sourceTree = "<group>";
		};
		240E75FF1D7E003600B72F7F /* Products */ = {
			isa = PBXGroup;
			children = (
				240E75FE1D7E003600B72F7F /* simple browser.app */,
				240E76121D7E003700B72F7F /* simple browserTests.xctest */,
				240E761D1D7E003700B72F7F /* simple browserUITests.xctest */,
			);
			name = Products;
			sourceTree = "<group>";
		};
		240E76001D7E003600B72F7F /* simple browser */ = {
			isa = PBXGroup;
			children = (
				240E76011D7E003600B72F7F /* AppDelegate.swift */,
				240E76031D7E003600B72F7F /* ViewController.swift */,
				240E76051D7E003600B72F7F /* Main.storyboard */,
				240E76081D7E003600B72F7F /* Assets.xcassets */,
				240E760A1D7E003600B72F7F /* LaunchScreen.storyboard */,
				240E760D1D7E003600B72F7F /* Info.plist */,
				240E762F1D7E18A900B72F7F /* launch.png */,
				240E76301D7E18A900B72F7F /* launch@2x.png */,
			);
			path = "simple browser";
			sourceTree = "<group>";
		};
		240E76151D7E003700B72F7F /* simple browserTests */ = {
			isa = PBXGroup;
			children = (
				240E76161D7E003700B72F7F /* simple_browserTests.swift */,
				240E76181D7E003700B72F7F /* Info.plist */,
			);
			path = "simple browserTests";
			sourceTree = "<group>";
		};
		240E76201D7E003700B72F7F /* simple browserUITests */ = {
			isa = PBXGroup;
			children = (
				240E76211D7E003700B72F7F /* simple_browserUITests.swift */,
				240E76231D7E003700B72F7F /* Info.plist */,
			);
			path = "simple browserUITests";
			sourceTree = "<group>";
		};
/* End PBXGroup section */

/* Begin PBXNativeTarget section */
		240E75FD1D7E003600B72F7F /* simple browser */ = {
			isa = PBXNativeTarget;
			buildConfigurationList = 240E76261D7E003700B72F7F /* Build configuration list for PBXNativeTarget "simple browser" */;
			buildPhases = (
				240E75FA1D7E003600B72F7F /* Sources */,
				240E75FB1D7E003600B72F7F /* Frameworks */,
				240E75FC1D7E003600B72F7F /* Resources */,
			);
			buildRules = (
			);
			dependencies = (
			);
			name = "simple browser";
			productName = "simple browser";
			productReference = 240E75FE1D7E003600B72F7F /* simple browser.app */;
			productType = "com.apple.product-type.application";
		};
		240E76111D7E003700B72F7F /* simple browserTests */ = {
			isa = PBXNativeTarget;
			buildConfigurationList = 240E76291D7E003700B72F7F /* Build configuration list for PBXNativeTarget "simple browserTests" */;
			buildPhases = (
				240E760E1D7E003700B72F7F /* Sources */,
				240E760F1D7E003700B72F7F /* Frameworks */,
				240E76101D7E003700B72F7F /* Resources */,
			);
			buildRules = (
			);
			dependencies = (
				240E76141D7E003700B72F7F /* PBXTargetDependency */,
			);
			name = "simple browserTests";
			productName = "simple browserTests";
			productReference = 240E76121D7E003700B72F7F /* simple browserTests.xctest */;
			productType = "com.apple.product-type.bundle.unit-test";
		};
		240E761C1D7E003700B72F7F /* simple browserUITests */ = {
			isa = PBXNativeTarget;
			buildConfigurationList = 240E762C1D7E003700B72F7F /* Build configuration list for PBXNativeTarget "simple browserUITests" */;
			buildPhases = (
				240E76191D7E003700B72F7F /* Sources */,
				240E761A1D7E003700B72F7F /* Frameworks */,
				240E761B1D7E003700B72F7F /* Resources */,
			);
			buildRules = (
			);
			dependencies = (
				240E761F1D7E003700B72F7F /* PBXTargetDependency */,
			);
			name = "simple browserUITests";
			productName = "simple browserUITests";
			productReference = 240E761D1D7E003700B72F7F /* simple browserUITests.xctest */;
			productType = "com.apple.product-type.bundle.ui-testing";
		};
/* End PBXNativeTarget section */

/* Begin PBXProject section */
		240E75F61D7E003600B72F7F /* Project object */ = {
			isa = PBXProject;
			attributes = {
				LastSwiftUpdateCheck = 0730;
				LastUpgradeCheck = 0730;
				ORGANIZATIONNAME = "michael mead";
				TargetAttributes = {
					240E75FD1D7E003600B72F7F = {
						CreatedOnToolsVersion = 7.3.1;
						DevelopmentTeam = 27Z66CAXND;
					};
					240E76111D7E003700B72F7F = {
						CreatedOnToolsVersion = 7.3.1;
						DevelopmentTeam = 27Z66CAXND;
						TestTargetID = 240E75FD1D7E003600B72F7F;
					};
					240E761C1D7E003700B72F7F = {
						CreatedOnToolsVersion = 7.3.1;
						DevelopmentTeam = 27Z66CAXND;
						TestTargetID = 240E75FD1D7E003600B72F7F;
					};
				};
			};
			buildConfigurationList = 240E75F91D7E003600B72F7F /* Build configuration list for PBXProject "simple browser" */;
			compatibilityVersion = "Xcode 3.2";
			developmentRegion = English;
			hasScannedForEncodings = 0;
			knownRegions = (
				en,
				Base,
			);
			mainGroup = 240E75F51D7E003600B72F7F;
			productRefGroup = 240E75FF1D7E003600B72F7F /* Products */;
			projectDirPath = "";
			projectRoot = "";
			targets = (
				240E75FD1D7E003600B72F7F /* simple browser */,
				240E76111D7E003700B72F7F /* simple browserTests */,
				240E761C1D7E003700B72F7F /* simple browserUITests */,
			);
		};
/* End PBXProject section */

/* Begin PBXResourcesBuildPhase section */
		240E75FC1D7E003600B72F7F /* Resources */ = {
			isa = PBXResourcesBuildPhase;
			buildActionMask = 2147483647;
			files = (
				240E76311D7E18A900B72F7F /* launch.png in Resources */,
				240E760C1D7E003600B72F7F /* LaunchScreen.storyboard in Resources */,
				240E76091D7E003600B72F7F /* Assets.xcassets in Resources */,
				240E76071D7E003600B72F7F /* Main.storyboard in Resources */,
				240E76321D7E18A900B72F7F /* launch@2x.png in Resources */,
			);
			runOnlyForDeploymentPostprocessing = 0;
		};
		240E76101D7E003700B72F7F /* Resources */ = {
			isa = PBXResourcesBuildPhase;
			buildActionMask = 2147483647;
			files = (
			);
			runOnlyForDeploymentPostprocessing = 0;
		};
		240E761B1D7E003700B72F7F /* Resources */ = {
			isa = PBXResourcesBuildPhase;
			buildActionMask = 2147483647;
			files = (
			);
			runOnlyForDeploymentPostprocessing = 0;
		};
/* End PBXResourcesBuildPhase section */

/* Begin PBXSourcesBuildPhase section */
		240E75FA1D7E003600B72F7F /* Sources */ = {
			isa = PBXSourcesBuildPhase;
			buildActionMask = 2147483647;
			files = (
				240E76041D7E003600B72F7F /* ViewController.swift in Sources */,
				240E76021D7E003600B72F7F /* AppDelegate.swift in Sources */,
			);
			runOnlyForDeploymentPostprocessing = 0;
		};
		240E760E1D7E003700B72F7F /* Sources */ = {
			isa = PBXSourcesBuildPhase;
			buildActionMask = 2147483647;
			files = (
				240E76171D7E003700B72F7F /* simple_browserTests.swift in Sources */,
			);
			runOnlyForDeploymentPostprocessing = 0;
		};
		240E76191D7E003700B72F7F /* Sources */ = {
			isa = PBXSourcesBuildPhase;
			buildActionMask = 2147483647;
			files = (
				240E76221D7E003700B72F7F /* simple_browserUITests.swift in Sources */,
			);
			runOnlyForDeploymentPostprocessing = 0;
		};
/* End PBXSourcesBuildPhase section */

/* Begin PBXTargetDependency section */
		240E76141D7E003700B72F7F /* PBXTargetDependency */ = {
			isa = PBXTargetDependency;
			target = 240E75FD1D7E003600B72F7F /* simple browser */;
			targetProxy = 240E76131D7E003700B72F7F /* PBXContainerItemProxy */;
		};
		240E761F1D7E003700B72F7F /* PBXTargetDependency */ = {
			isa = PBXTargetDependency;
			target = 240E75FD1D7E003600B72F7F /* simple browser */;
			targetProxy = 240E761E1D7E003700B72F7F /* PBXContainerItemProxy */;
		};
/* End PBXTargetDependency section */

/* Begin PBXVariantGroup section */
		240E76051D7E003600B72F7F /* Main.storyboard */ = {
			isa = PBXVariantGroup;
			children = (
				240E76061D7E003600B72F7F /* Base */,
			);
			name = Main.storyboard;
			sourceTree = "<group>";
		};
		240E760A1D7E003600B72F7F /* LaunchScreen.storyboard */ = {
			isa = PBXVariantGroup;
			children = (
				240E760B1D7E003600B72F7F /* Base */,
			);
			name = LaunchScreen.storyboard;
			sourceTree = "<group>";
		};
/* End PBXVariantGroup section */

/* Begin XCBuildConfiguration section */
		240E76241D7E003700B72F7F /* Debug */ = {
			isa = XCBuildConfiguration;
			buildSettings = {
				ALWAYS_SEARCH_USER_PATHS = NO;
				CLANG_ANALYZER_NONNULL = YES;
				CLANG_CXX_LANGUAGE_STANDARD = "gnu++0x";
				CLANG_CXX_LIBRARY = "libc++";
				CLANG_ENABLE_MODULES = YES;
				CLANG_ENABLE_OBJC_ARC = YES;
				CLANG_WARN_BOOL_CONVERSION = YES;
				CLANG_WARN_CONSTANT_CONVERSION = YES;
				CLANG_WARN_DIRECT_OBJC_ISA_USAGE = YES_ERROR;
				CLANG_WARN_EMPTY_BODY = YES;
				CLANG_WARN_ENUM_CONVERSION = YES;
				CLANG_WARN_INT_CONVERSION = YES;
				CLANG_WARN_OBJC_ROOT_CLASS = YES_ERROR;
				CLANG_WARN_UNREACHABLE_CODE = YES;
				CLANG_WARN__DUPLICATE_METHOD_MATCH = YES;
				"CODE_SIGN_IDENTITY[sdk=iphoneos*]" = "iPhone Developer";
				COPY_PHASE_STRIP = NO;
				DEBUG_INFORMATION_FORMAT = dwarf;
				ENABLE_STRICT_OBJC_MSGSEND = YES;
				ENABLE_TESTABILITY = YES;
				GCC_C_LANGUAGE_STANDARD = gnu99;
				GCC_DYNAMIC_NO_PIC = NO;
				GCC_NO_COMMON_BLOCKS = YES;
				GCC_OPTIMIZATION_LEVEL = 0;
				GCC_PREPROCESSOR_DEFINITIONS = (
					"DEBUG=1",
					"$(inherited)",
				);
				GCC_WARN_64_TO_32_BIT_CONVERSION = YES;
				GCC_WARN_ABOUT_RETURN_TYPE = YES_ERROR;
				GCC_WARN_UNDECLARED_SELECTOR = YES;
				GCC_WARN_UNINITIALIZED_AUTOS = YES_AGGRESSIVE;
				GCC_WARN_UNUSED_FUNCTION = YES;
				GCC_WARN_UNUSED_VARIABLE = YES;
				IPHONEOS_DEPLOYMENT_TARGET = 9.3;
				MTL_ENABLE_DEBUG_INFO = YES;
				ONLY_ACTIVE_ARCH = YES;
				SDKROOT = iphoneos;
				SWIFT_OPTIMIZATION_LEVEL = "-Onone";
				TARGETED_DEVICE_FAMILY = "1,2";
			};
			name = Debug;
		};
		240E76251D7E003700B72F7F /* Release */ = {
			isa = XCBuildConfiguration;
			buildSettings = {
				ALWAYS_SEARCH_USER_PATHS = NO;
				CLANG_ANALYZER_NONNULL = YES;
				CLANG_CXX_LANGUAGE_STANDARD = "gnu++0x";
				CLANG_CXX_LIBRARY = "libc++";
				CLANG_ENABLE_MODULES = YES;
				CLANG_ENABLE_OBJC_ARC = YES;
				CLANG_WARN_BOOL_CONVERSION = YES;
				CLANG_WARN_CONSTANT_CONVERSION = YES;
				CLANG_WARN_DIRECT_OBJC_ISA_USAGE = YES_ERROR;
				CLANG_WARN_EMPTY_BODY = YES;
				CLANG_WARN_ENUM_CONVERSION = YES;
				CLANG_WARN_INT_CONVERSION = YES;
				CLANG_WARN_OBJC_ROOT_CLASS = YES_ERROR;
				CLANG_WARN_UNREACHABLE_CODE = YES;
				CLANG_WARN__DUPLICATE_METHOD_MATCH = YES;
				"CODE_SIGN_IDENTITY[sdk=iphoneos*]" = "iPhone Developer";
				COPY_PHASE_STRIP = NO;
				DEBUG_INFORMATION_FORMAT = "dwarf-with-dsym";
				ENABLE_NS_ASSERTIONS = NO;
				ENABLE_STRICT_OBJC_MSGSEND = YES;
				GCC_C_LANGUAGE_STANDARD = gnu99;
				GCC_NO_COMMON_BLOCKS = YES;
				GCC_WARN_64_TO_32_BIT_CONVERSION = YES;
				GCC_WARN_ABOUT_RETURN_TYPE = YES_ERROR;
				GCC_WARN_UNDECLARED_SELECTOR = YES;
				GCC_WARN_UNINITIALIZED_AUTOS = YES_AGGRESSIVE;
				GCC_WARN_UNUSED_FUNCTION = YES;
				GCC_WARN_UNUSED_VARIABLE = YES;
				IPHONEOS_DEPLOYMENT_TARGET = 9.3;
				MTL_ENABLE_DEBUG_INFO = NO;
				SDKROOT = iphoneos;
				TARGETED_DEVICE_FAMILY = "1,2";
				VALIDATE_PRODUCT = YES;
			};
			name = Release;
		};
		240E76271D7E003700B72F7F /* Debug */ = {
			isa = XCBuildConfiguration;
			buildSettings = {
				ASSETCATALOG_COMPILER_APPICON_NAME = AppIcon;
				INFOPLIST_FILE = "simple browser/Info.plist";
				LD_RUNPATH_SEARCH_PATHS = "$(inherited) @executable_path/Frameworks";
				PRODUCT_BUNDLE_IDENTIFIER = "com.seekerstudios.simple-browser";
				PRODUCT_NAME = "$(TARGET_NAME)";
			};
			name = Debug;
		};
		240E76281D7E003700B72F7F /* Release */ = {
			isa = XCBuildConfiguration;
			buildSettings = {
				ASSETCATALOG_COMPILER_APPICON_NAME = AppIcon;
				INFOPLIST_FILE = "simple browser/Info.plist";
				LD_RUNPATH_SEARCH_PATHS = "$(inherited) @executable_path/Frameworks";
				PRODUCT_BUNDLE_IDENTIFIER = "com.seekerstudios.simple-browser";
				PRODUCT_NAME = "$(TARGET_NAME)";
			};
			name = Release;
		};
		240E762A1D7E003700B72F7F /* Debug */ = {
			isa = XCBuildConfiguration;
			buildSettings = {
				BUNDLE_LOADER = "$(TEST_HOST)";
				INFOPLIST_FILE = "simple browserTests/Info.plist";
				LD_RUNPATH_SEARCH_PATHS = "$(inherited) @executable_path/Frameworks @loader_path/Frameworks";
				PRODUCT_BUNDLE_IDENTIFIER = "com.seekerstudios.simple-browserTests";
				PRODUCT_NAME = "$(TARGET_NAME)";
				TEST_HOST = "$(BUILT_PRODUCTS_DIR)/simple browser.app/simple browser";
			};
			name = Debug;
		};
		240E762B1D7E003700B72F7F /* Release */ = {
			isa = XCBuildConfiguration;
			buildSettings = {
				BUNDLE_LOADER = "$(TEST_HOST)";
				INFOPLIST_FILE = "simple browserTests/Info.plist";
				LD_RUNPATH_SEARCH_PATHS = "$(inherited) @executable_path/Frameworks @loader_path/Frameworks";
				PRODUCT_BUNDLE_IDENTIFIER = "com.seekerstudios.simple-browserTests";
				PRODUCT_NAME = "$(TARGET_NAME)";
				TEST_HOST = "$(BUILT_PRODUCTS_DIR)/simple browser.app/simple browser";
			};
			name = Release;
		};
		240E762D1D7E003700B72F7F /* Debug */ = {
			isa = XCBuildConfiguration;
			buildSettings = {
				INFOPLIST_FILE = "simple browserUITests/Info.plist";
				LD_RUNPATH_SEARCH_PATHS = "$(inherited) @executable_path/Frameworks @loader_path/Frameworks";
				PRODUCT_BUNDLE_IDENTIFIER = "com.seekerstudios.simple-browserUITests";
				PRODUCT_NAME = "$(TARGET_NAME)";
				TEST_TARGET_NAME = "simple browser";
			};
			name = Debug;
		};
		240E762E1D7E003700B72F7F /* Release */ = {
			isa = XCBuildConfiguration;
			buildSettings = {
				INFOPLIST_FILE = "simple browserUITests/Info.plist";
				LD_RUNPATH_SEARCH_PATHS = "$(inherited) @executable_path/Frameworks @loader_path/Frameworks";
				PRODUCT_BUNDLE_IDENTIFIER = "com.seekerstudios.simple-browserUITests";
				PRODUCT_NAME = "$(TARGET_NAME)";
				TEST_TARGET_NAME = "simple browser";
			};
			name = Release;
		};
/* End XCBuildConfiguration section */

/* Begin XCConfigurationList section */
		240E75F91D7E003600B72F7F /* Build configuration list for PBXProject "simple browser" */ = {
			isa = XCConfigurationList;
			buildConfigurations = (
				240E76241D7E003700B72F7F /* Debug */,
				240E76251D7E003700B72F7F /* Release */,
			);
			defaultConfigurationIsVisible = 0;
			defaultConfigurationName = Release;
		};
		240E76261D7E003700B72F7F /* Build configuration list for PBXNativeTarget "simple browser" */ = {
			isa = XCConfigurationList;
			buildConfigurations = (
				240E76271D7E003700B72F7F /* Debug */,
				240E76281D7E003700B72F7F /* Release */,
			);
			defaultConfigurationIsVisible = 0;
		};
		240E76291D7E003700B72F7F /* Build configuration list for PBXNativeTarget "simple browserTests" */ = {
			isa = XCConfigurationList;
			buildConfigurations = (
				240E762A1D7E003700B72F7F /* Debug */,
				240E762B1D7E003700B72F7F /* Release */,
			);
			defaultConfigurationIsVisible = 0;
		};
		240E762C1D7E003700B72F7F /* Build configuration list for PBXNativeTarget "simple browserUITests" */ = {
			isa = XCConfigurationList;
			buildConfigurations = (
				240E762D1D7E003700B72F7F /* Debug */,
				240E762E1D7E003700B72F7F /* Release */,
			);
			defaultConfigurationIsVisible = 0;
		};
/* End XCConfigurationList section */
	};
	rootObject = 240E75F61D7E003600B72F7F /* Project object */;
}
